
Microsoft Visual Studio Solution File, Format Version 12.00
# Visual Studio 15
VisualStudioVersion = 15.0.28010.2048
MinimumVisualStudioVersion = 10.0.40219.1
Project("{9A19103F-16F7-4668-BE54-9A1E7A4F7556}") = "BankLedger", "BankLedger\BankLedger.csproj", "{8D81474E-D8C0-450B-BA1C-46AA0C3E04B0}"
EndProject
Project("{9A19103F-16F7-4668-BE54-9A1E7A4F7556}") = "BankLedgerTests", "BankLedgerTests\BankLedgerTests.csproj", "{E08620CB-5B91-4011-BFA5-1B9556ABE285}"
EndProject
Global
	GlobalSection(SolutionConfigurationPlatforms) = preSolution
		Debug|Any CPU = Debug|Any CPU
		Release|Any CPU = Release|Any CPU
	EndGlobalSection
	GlobalSection(ProjectConfigurationPlatforms) = postSolution
		{8D81474E-D8C0-450B-BA1C-46AA0C3E04B0}.Debug|Any CPU.ActiveCfg = Debug|Any CPU
		{8D81474E-D8C0-450B-BA1C-46AA0C3E04B0}.Debug|Any CPU.Build.0 = Debug|Any CPU
		{8D81474E-D8C0-450B-BA1C-46AA0C3E04B0}.Release|Any CPU.ActiveCfg = Release|Any CPU
		{8D81474E-D8C0-450B-BA1C-46AA0C3E04B0}.Release|Any CPU.Build.0 = Release|Any CPU
		{E08620CB-5B91-4011-BFA5-1B9556ABE285}.Debug|Any CPU.ActiveCfg = Debug|Any CPU
		{E08620CB-5B91-4011-BFA5-1B9556ABE285}.Debug|Any CPU.Build.0 = Debug|Any CPU
		{E08620CB-5B91-4011-BFA5-1B9556ABE285}.Release|Any CPU.ActiveCfg = Release|Any CPU
		{E08620CB-5B91-4011-BFA5-1B9556ABE285}.Release|Any CPU.Build.0 = Release|Any CPU
	EndGlobalSection
	GlobalSection(SolutionProperties) = preSolution
		HideSolutionNode = FALSE
	EndGlobalSection
	GlobalSection(ExtensibilityGlobals) = postSolution
		SolutionGuid = {D224BC9E-0F7A-4EE8-8209-06BC9804B32F}
	EndGlobalSection
EndGlobal
